
Microsoft Visual Studio Solution File, Format Version 12.00
# Visual Studio Version 16
VisualStudioVersion = 16.0.31829.152
MinimumVisualStudioVersion = 10.0.40219.1
Project("{9A19103F-16F7-4668-BE54-9A1E7A4F7556}") = "DD", "DD\DD.csproj", "{040723EE-3816-43E9-B60D-7F7A7B548000}"
EndProject
Global
	GlobalSection(SolutionConfigurationPlatforms) = preSolution
		Debug|Any CPU = Debug|Any CPU
		Release|Any CPU = Release|Any CPU
	EndGlobalSection
	GlobalSection(ProjectConfigurationPlatforms) = postSolution
		{040723EE-3816-43E9-B60D-7F7A7B548000}.Debug|Any CPU.ActiveCfg = Debug|Any CPU
		{040723EE-3816-43E9-B60D-7F7A7B548000}.Debug|Any CPU.Build.0 = Debug|Any CPU
		{040723EE-3816-43E9-B60D-7F7A7B548000}.Release|Any CPU.ActiveCfg = Release|Any CPU
		{040723EE-3816-43E9-B60D-7F7A7B548000}.Release|Any CPU.Build.0 = Release|Any CPU
	EndGlobalSection
	GlobalSection(SolutionProperties) = preSolution
		HideSolutionNode = FALSE
	EndGlobalSection
	GlobalSection(ExtensibilityGlobals) = postSolution
		SolutionGuid = {68ADDEC7-501A-4E69-8BC1-13029C52940F}
	EndGlobalSection
EndGlobal
